{
  "name": "benchmark-script",
  "version": "1.0.0",
  "lockfileVersion": 1,
  "requires": true,
  "dependencies": {
    "wrk": {
      "version": "1.2.0",
      "resolved": "https://registry.npmjs.org/wrk/-/wrk-1.2.0.tgz",
      "integrity": "sha512-Zp4tSThu1bSXOCDgotEy0Ui/jT4I36BLvnflP3jd9KKEbR9orUA+cUUUDvpGBrZlho9L4D906/xTeMMDkymCUQ=="
    }
  }
}
